
Microsoft Visual Studio Solution File, Format Version 12.00
# Visual Studio Version 16
VisualStudioVersion = 16.0.30907.101
MinimumVisualStudioVersion = 10.0.40219.1
Project("{9A19103F-16F7-4668-BE54-9A1E7A4F7556}") = "WebApiRedBook", "WebApiRedBook\WebApiRedBook.csproj", "{95F7736D-31E3-4018-801F-CD0E301CF7F1}"
EndProject
Project("{FAE04EC0-301F-11D3-BF4B-00C04F79EFBC}") = "RedBookWebApplication", "RedBookWebApplication\RedBookWebApplication.csproj", "{18D57B6F-AD84-41C5-8C42-078BA193C182}"
EndProject
Global
	GlobalSection(SolutionConfigurationPlatforms) = preSolution
		Debug|Any CPU = Debug|Any CPU
		Release|Any CPU = Release|Any CPU
	EndGlobalSection
	GlobalSection(ProjectConfigurationPlatforms) = postSolution
		{95F7736D-31E3-4018-801F-CD0E301CF7F1}.Debug|Any CPU.ActiveCfg = Debug|Any CPU
		{95F7736D-31E3-4018-801F-CD0E301CF7F1}.Debug|Any CPU.Build.0 = Debug|Any CPU
		{95F7736D-31E3-4018-801F-CD0E301CF7F1}.Release|Any CPU.ActiveCfg = Release|Any CPU
		{95F7736D-31E3-4018-801F-CD0E301CF7F1}.Release|Any CPU.Build.0 = Release|Any CPU
		{18D57B6F-AD84-41C5-8C42-078BA193C182}.Debug|Any CPU.ActiveCfg = Debug|Any CPU
		{18D57B6F-AD84-41C5-8C42-078BA193C182}.Debug|Any CPU.Build.0 = Debug|Any CPU
		{18D57B6F-AD84-41C5-8C42-078BA193C182}.Release|Any CPU.ActiveCfg = Release|Any CPU
		{18D57B6F-AD84-41C5-8C42-078BA193C182}.Release|Any CPU.Build.0 = Release|Any CPU
	EndGlobalSection
	GlobalSection(SolutionProperties) = preSolution
		HideSolutionNode = FALSE
	EndGlobalSection
	GlobalSection(ExtensibilityGlobals) = postSolution
		SolutionGuid = {91ECE3FC-866F-4460-8FB7-1735FCC1C492}
	EndGlobalSection
EndGlobal
